
Microsoft Visual Studio Solution File, Format Version 11.00
# Visual Studio 2010
Project("{FAE04EC0-301F-11D3-BF4B-00C04F79EFBC}") = "Meowth.Esentery", "esent\Meowth.Esentery.csproj", "{70889122-D14B-4066-B915-36C8EF2EE726}"
EndProject
Project("{FAE04EC0-301F-11D3-BF4B-00C04F79EFBC}") = "Meowth.Esentery.Runner", "Meowth.Esentery.Runner\Meowth.Esentery.Runner.csproj", "{BC370B27-E342-4F44-9A22-1DFE7FB9CE92}"
EndProject
Global
	GlobalSection(SolutionConfigurationPlatforms) = preSolution
		Debug|Any CPU = Debug|Any CPU
		Release|Any CPU = Release|Any CPU
	EndGlobalSection
	GlobalSection(ProjectConfigurationPlatforms) = postSolution
		{70889122-D14B-4066-B915-36C8EF2EE726}.Debug|Any CPU.ActiveCfg = Debug|Any CPU
		{70889122-D14B-4066-B915-36C8EF2EE726}.Debug|Any CPU.Build.0 = Debug|Any CPU
		{70889122-D14B-4066-B915-36C8EF2EE726}.Release|Any CPU.ActiveCfg = Release|Any CPU
		{70889122-D14B-4066-B915-36C8EF2EE726}.Release|Any CPU.Build.0 = Release|Any CPU
		{BC370B27-E342-4F44-9A22-1DFE7FB9CE92}.Debug|Any CPU.ActiveCfg = Debug|Any CPU
		{BC370B27-E342-4F44-9A22-1DFE7FB9CE92}.Debug|Any CPU.Build.0 = Debug|Any CPU
		{BC370B27-E342-4F44-9A22-1DFE7FB9CE92}.Release|Any CPU.ActiveCfg = Release|Any CPU
		{BC370B27-E342-4F44-9A22-1DFE7FB9CE92}.Release|Any CPU.Build.0 = Release|Any CPU
	EndGlobalSection
	GlobalSection(SolutionProperties) = preSolution
		HideSolutionNode = FALSE
	EndGlobalSection
EndGlobal
